
Microsoft Visual Studio Solution File, Format Version 12.00
# Visual Studio 15
VisualStudioVersion = 15.0.28307.902
MinimumVisualStudioVersion = 10.0.40219.1
Project("{FAE04EC0-301F-11D3-BF4B-00C04F79EFBC}") = "WCSQLServer", "WCSQLServer\WCSQLServer.csproj", "{ACE7807A-5FEE-4C2E-8EF1-DA9D0A076FA0}"
EndProject
Project("{E53339B2-1760-4266-BCC7-CA923CBCF16C}") = "docker-compose", "docker-compose.dcproj", "{39D4D114-A028-4022-AB5B-309DA7901D7D}"
EndProject
Global
	GlobalSection(SolutionConfigurationPlatforms) = preSolution
		Debug|Any CPU = Debug|Any CPU
		Release|Any CPU = Release|Any CPU
	EndGlobalSection
	GlobalSection(ProjectConfigurationPlatforms) = postSolution
		{ACE7807A-5FEE-4C2E-8EF1-DA9D0A076FA0}.Debug|Any CPU.ActiveCfg = Debug|Any CPU
		{ACE7807A-5FEE-4C2E-8EF1-DA9D0A076FA0}.Debug|Any CPU.Build.0 = Debug|Any CPU
		{ACE7807A-5FEE-4C2E-8EF1-DA9D0A076FA0}.Release|Any CPU.ActiveCfg = Release|Any CPU
		{ACE7807A-5FEE-4C2E-8EF1-DA9D0A076FA0}.Release|Any CPU.Build.0 = Release|Any CPU
		{39D4D114-A028-4022-AB5B-309DA7901D7D}.Debug|Any CPU.ActiveCfg = Debug|Any CPU
		{39D4D114-A028-4022-AB5B-309DA7901D7D}.Debug|Any CPU.Build.0 = Debug|Any CPU
		{39D4D114-A028-4022-AB5B-309DA7901D7D}.Release|Any CPU.ActiveCfg = Release|Any CPU
		{39D4D114-A028-4022-AB5B-309DA7901D7D}.Release|Any CPU.Build.0 = Release|Any CPU
	EndGlobalSection
	GlobalSection(SolutionProperties) = preSolution
		HideSolutionNode = FALSE
	EndGlobalSection
	GlobalSection(ExtensibilityGlobals) = postSolution
		SolutionGuid = {0AB37091-5277-45EE-BF28-8AB68ADC9C72}
	EndGlobalSection
EndGlobal
